
Microsoft Visual Studio Solution File, Format Version 12.00
# Visual Studio Version 17
VisualStudioVersion = 17.7.34031.279
MinimumVisualStudioVersion = 10.0.40219.1
Project("{2150E333-8FDC-42A3-9474-1A3956D46DE8}") = "src", "src", "{AB91208D-48EE-4F7A-8335-07097E071DF4}"
EndProject
Project("{2150E333-8FDC-42A3-9474-1A3956D46DE8}") = "test", "test", "{EDA928C2-3025-4A47-A434-A12E730A970A}"
EndProject
Project("{2150E333-8FDC-42A3-9474-1A3956D46DE8}") = "Core", "Core", "{218E0474-C972-4E68-A77B-727243B296ED}"
EndProject
Project("{2150E333-8FDC-42A3-9474-1A3956D46DE8}") = "Infrastructure", "Infrastructure", "{5A7D268E-2D43-48A9-B88C-9863EDF42687}"
EndProject
Project("{FAE04EC0-301F-11D3-BF4B-00C04F79EFBC}") = "Template.Domain", "src\Core\Template.Domain\Template.Domain.csproj", "{AAA70E4E-FE9B-4602-8C0B-2070BF609D20}"
EndProject
Project("{FAE04EC0-301F-11D3-BF4B-00C04F79EFBC}") = "Template.Data", "src\Infrastructure\Template.Data\Template.Data.csproj", "{C221009C-0DDC-4836-803E-39F1AC272932}"
EndProject
Project("{FAE04EC0-301F-11D3-BF4B-00C04F79EFBC}") = "Template.Utility", "src\Infrastructure\Template.Utility\Template.Utility.csproj", "{A0ACE694-0EE4-4FB1-B042-9C9B37373E25}"
EndProject
Project("{2150E333-8FDC-42A3-9474-1A3956D46DE8}") = "web", "web", "{DA82C0C2-A8A3-42C8-91B7-5D6A0FEE7B62}"
EndProject
Project("{2150E333-8FDC-42A3-9474-1A3956D46DE8}") = "api", "api", "{12EF010B-3B54-44BE-B825-4B7EEE1087AF}"
EndProject
Project("{FAE04EC0-301F-11D3-BF4B-00C04F79EFBC}") = "Template.Api", "src\Api\Template.Api\Template.Api.csproj", "{3DB460C4-EAC1-45B1-9C88-CAFA3B070C5D}"
EndProject
Project("{FAE04EC0-301F-11D3-BF4B-00C04F79EFBC}") = "Template.Web", "src\Web\Template.Web\Template.Web.csproj", "{45FA0783-0E88-46C4-94F3-F2FAC485B003}"
EndProject
Project("{9A19103F-16F7-4668-BE54-9A1E7A4F7556}") = "Template.Test", "test\Template.Test\Template.Test.csproj", "{6B3691A8-3502-4F42-BFCE-C2185ED78079}"
EndProject
Global
	GlobalSection(SolutionConfigurationPlatforms) = preSolution
		Debug|Any CPU = Debug|Any CPU
		Release|Any CPU = Release|Any CPU
	EndGlobalSection
	GlobalSection(ProjectConfigurationPlatforms) = postSolution
		{AAA70E4E-FE9B-4602-8C0B-2070BF609D20}.Debug|Any CPU.ActiveCfg = Debug|Any CPU
		{AAA70E4E-FE9B-4602-8C0B-2070BF609D20}.Debug|Any CPU.Build.0 = Debug|Any CPU
		{AAA70E4E-FE9B-4602-8C0B-2070BF609D20}.Release|Any CPU.ActiveCfg = Release|Any CPU
		{AAA70E4E-FE9B-4602-8C0B-2070BF609D20}.Release|Any CPU.Build.0 = Release|Any CPU
		{C221009C-0DDC-4836-803E-39F1AC272932}.Debug|Any CPU.ActiveCfg = Debug|Any CPU
		{C221009C-0DDC-4836-803E-39F1AC272932}.Debug|Any CPU.Build.0 = Debug|Any CPU
		{C221009C-0DDC-4836-803E-39F1AC272932}.Release|Any CPU.ActiveCfg = Release|Any CPU
		{C221009C-0DDC-4836-803E-39F1AC272932}.Release|Any CPU.Build.0 = Release|Any CPU
		{A0ACE694-0EE4-4FB1-B042-9C9B37373E25}.Debug|Any CPU.ActiveCfg = Debug|Any CPU
		{A0ACE694-0EE4-4FB1-B042-9C9B37373E25}.Debug|Any CPU.Build.0 = Debug|Any CPU
		{A0ACE694-0EE4-4FB1-B042-9C9B37373E25}.Release|Any CPU.ActiveCfg = Release|Any CPU
		{A0ACE694-0EE4-4FB1-B042-9C9B37373E25}.Release|Any CPU.Build.0 = Release|Any CPU
		{3DB460C4-EAC1-45B1-9C88-CAFA3B070C5D}.Debug|Any CPU.ActiveCfg = Debug|Any CPU
		{3DB460C4-EAC1-45B1-9C88-CAFA3B070C5D}.Debug|Any CPU.Build.0 = Debug|Any CPU
		{3DB460C4-EAC1-45B1-9C88-CAFA3B070C5D}.Release|Any CPU.ActiveCfg = Release|Any CPU
		{3DB460C4-EAC1-45B1-9C88-CAFA3B070C5D}.Release|Any CPU.Build.0 = Release|Any CPU
		{45FA0783-0E88-46C4-94F3-F2FAC485B003}.Debug|Any CPU.ActiveCfg = Debug|Any CPU
		{45FA0783-0E88-46C4-94F3-F2FAC485B003}.Debug|Any CPU.Build.0 = Debug|Any CPU
		{45FA0783-0E88-46C4-94F3-F2FAC485B003}.Release|Any CPU.ActiveCfg = Release|Any CPU
		{45FA0783-0E88-46C4-94F3-F2FAC485B003}.Release|Any CPU.Build.0 = Release|Any CPU
		{6B3691A8-3502-4F42-BFCE-C2185ED78079}.Debug|Any CPU.ActiveCfg = Debug|Any CPU
		{6B3691A8-3502-4F42-BFCE-C2185ED78079}.Debug|Any CPU.Build.0 = Debug|Any CPU
		{6B3691A8-3502-4F42-BFCE-C2185ED78079}.Release|Any CPU.ActiveCfg = Release|Any CPU
		{6B3691A8-3502-4F42-BFCE-C2185ED78079}.Release|Any CPU.Build.0 = Release|Any CPU
	EndGlobalSection
	GlobalSection(SolutionProperties) = preSolution
		HideSolutionNode = FALSE
	EndGlobalSection
	GlobalSection(NestedProjects) = preSolution
		{218E0474-C972-4E68-A77B-727243B296ED} = {AB91208D-48EE-4F7A-8335-07097E071DF4}
		{5A7D268E-2D43-48A9-B88C-9863EDF42687} = {AB91208D-48EE-4F7A-8335-07097E071DF4}
		{AAA70E4E-FE9B-4602-8C0B-2070BF609D20} = {218E0474-C972-4E68-A77B-727243B296ED}
		{C221009C-0DDC-4836-803E-39F1AC272932} = {5A7D268E-2D43-48A9-B88C-9863EDF42687}
		{A0ACE694-0EE4-4FB1-B042-9C9B37373E25} = {5A7D268E-2D43-48A9-B88C-9863EDF42687}
		{DA82C0C2-A8A3-42C8-91B7-5D6A0FEE7B62} = {AB91208D-48EE-4F7A-8335-07097E071DF4}
		{12EF010B-3B54-44BE-B825-4B7EEE1087AF} = {AB91208D-48EE-4F7A-8335-07097E071DF4}
		{3DB460C4-EAC1-45B1-9C88-CAFA3B070C5D} = {12EF010B-3B54-44BE-B825-4B7EEE1087AF}
		{45FA0783-0E88-46C4-94F3-F2FAC485B003} = {DA82C0C2-A8A3-42C8-91B7-5D6A0FEE7B62}
		{6B3691A8-3502-4F42-BFCE-C2185ED78079} = {EDA928C2-3025-4A47-A434-A12E730A970A}
	EndGlobalSection
	GlobalSection(ExtensibilityGlobals) = postSolution
		SolutionGuid = {13DB60E3-C262-4CAA-8A23-275DA671616B}
	EndGlobalSection
EndGlobal
